
Microsoft Visual Studio Solution File, Format Version 12.00
# Visual Studio Version 17
VisualStudioVersion = 17.0.32126.317
MinimumVisualStudioVersion = 10.0.40219.1
Project("{2150E333-8FDC-42A3-9474-1A3956D46DE8}") = "Gateway", "Gateway", "{73603290-74A9-4147-A3B5-90C076EC0E20}"
EndProject
Project("{2150E333-8FDC-42A3-9474-1A3956D46DE8}") = "Feeds", "Feeds", "{6DC5BF4D-4F52-4C5A-9475-71A94088D333}"
EndProject
Project("{2150E333-8FDC-42A3-9474-1A3956D46DE8}") = "Quotes", "Quotes", "{7FA77029-BF01-4A1E-80DE-91A63C5684E1}"
EndProject
Project("{2150E333-8FDC-42A3-9474-1A3956D46DE8}") = "Weather", "Weather", "{97D2D4A8-7F68-4D6A-8090-199DC73C2B1A}"
EndProject
Project("{2150E333-8FDC-42A3-9474-1A3956D46DE8}") = "News", "News", "{4C26177A-2A6E-44BB-8B75-2692E566F0B3}"
EndProject
Project("{2150E333-8FDC-42A3-9474-1A3956D46DE8}") = "Shared", "Shared", "{5D7DBE28-A2D7-4942-899D-C17894FE0495}"
EndProject
Project("{9A19103F-16F7-4668-BE54-9A1E7A4F7556}") = "FeedR.Gateway", "src\Gateway\FeedR.Gateway\FeedR.Gateway.csproj", "{7B726B90-8AB4-4553-AAE5-20FB622B030A}"
EndProject
Project("{2150E333-8FDC-42A3-9474-1A3956D46DE8}") = "Aggregator", "Aggregator", "{2DF17BCB-EB9B-4AAA-8EE2-7EAB4203F3EE}"
EndProject
Project("{9A19103F-16F7-4668-BE54-9A1E7A4F7556}") = "FeedR.Aggregator", "src\Aggregator\FeedR.Aggregator\FeedR.Aggregator.csproj", "{E4A1F0AE-1C3E-4E0F-8B87-F03BD89344B0}"
EndProject
Project("{2150E333-8FDC-42A3-9474-1A3956D46DE8}") = "Notifier", "Notifier", "{15C0DCEC-449D-460C-AFBF-F39DA1F77C83}"
EndProject
Project("{9A19103F-16F7-4668-BE54-9A1E7A4F7556}") = "FeedR.Notifier", "src\Notifier\FeedR.Notifier\FeedR.Notifier.csproj", "{1D0A5E71-4BF2-4263-B151-0260B429A9D3}"
EndProject
Project("{9A19103F-16F7-4668-BE54-9A1E7A4F7556}") = "FeedR.Shared", "src\Shared\FeedR.Shared\FeedR.Shared.csproj", "{953DC0CB-F3B1-4369-A2B1-AA5B2297B652}"
EndProject
Project("{9A19103F-16F7-4668-BE54-9A1E7A4F7556}") = "FeedR.Feeds.News", "src\Feeds\News\FeedR.Feeds.News\FeedR.Feeds.News.csproj", "{9D4E3D64-D2FB-4CB8-AE53-E4F4A08C4F7B}"
EndProject
Project("{9A19103F-16F7-4668-BE54-9A1E7A4F7556}") = "FeedR.Feeds.Quotes", "src\Feeds\Quotes\FeedR.Feeds.Quotes\FeedR.Feeds.Quotes.csproj", "{C554D03E-4FEC-4C3B-A6DC-607798ABCEBA}"
EndProject
Project("{9A19103F-16F7-4668-BE54-9A1E7A4F7556}") = "FeedR.Feeds.Weather", "src\Feeds\Weather\FeedR.Feeds.Weather\FeedR.Feeds.Weather.csproj", "{C003E6EF-C36F-4F29-87C4-D47754112C11}"
EndProject
Project("{2150E333-8FDC-42A3-9474-1A3956D46DE8}") = "Clients", "Clients", "{73D756FE-24FA-4F59-BE76-F2E3C456E74D}"
EndProject
Project("{9A19103F-16F7-4668-BE54-9A1E7A4F7556}") = "FeedR.Clients.Console", "src\Clients\Console\FeedR.Clients.Console\FeedR.Clients.Console.csproj", "{F2D81437-F72D-4BA4-92A4-F3D4F02C72A7}"
EndProject
Project("{FAE04EC0-301F-11D3-BF4B-00C04F79EFBC}") = "FeedR.Shared.Tests", "tests\FeedR.Shared.Tests\FeedR.Shared.Tests.csproj", "{BF78AEC9-6178-4282-AA4E-83E34F51E143}"
EndProject
Project("{2150E333-8FDC-42A3-9474-1A3956D46DE8}") = "tests", "tests", "{A91700A4-9A37-41D5-AFB3-F9310AA87A86}"
EndProject
Global
	GlobalSection(SolutionConfigurationPlatforms) = preSolution
		Debug|Any CPU = Debug|Any CPU
		Release|Any CPU = Release|Any CPU
	EndGlobalSection
	GlobalSection(ProjectConfigurationPlatforms) = postSolution
		{7B726B90-8AB4-4553-AAE5-20FB622B030A}.Debug|Any CPU.ActiveCfg = Debug|Any CPU
		{7B726B90-8AB4-4553-AAE5-20FB622B030A}.Debug|Any CPU.Build.0 = Debug|Any CPU
		{7B726B90-8AB4-4553-AAE5-20FB622B030A}.Release|Any CPU.ActiveCfg = Release|Any CPU
		{7B726B90-8AB4-4553-AAE5-20FB622B030A}.Release|Any CPU.Build.0 = Release|Any CPU
		{E4A1F0AE-1C3E-4E0F-8B87-F03BD89344B0}.Debug|Any CPU.ActiveCfg = Debug|Any CPU
		{E4A1F0AE-1C3E-4E0F-8B87-F03BD89344B0}.Debug|Any CPU.Build.0 = Debug|Any CPU
		{E4A1F0AE-1C3E-4E0F-8B87-F03BD89344B0}.Release|Any CPU.ActiveCfg = Release|Any CPU
		{E4A1F0AE-1C3E-4E0F-8B87-F03BD89344B0}.Release|Any CPU.Build.0 = Release|Any CPU
		{1D0A5E71-4BF2-4263-B151-0260B429A9D3}.Debug|Any CPU.ActiveCfg = Debug|Any CPU
		{1D0A5E71-4BF2-4263-B151-0260B429A9D3}.Debug|Any CPU.Build.0 = Debug|Any CPU
		{1D0A5E71-4BF2-4263-B151-0260B429A9D3}.Release|Any CPU.ActiveCfg = Release|Any CPU
		{1D0A5E71-4BF2-4263-B151-0260B429A9D3}.Release|Any CPU.Build.0 = Release|Any CPU
		{953DC0CB-F3B1-4369-A2B1-AA5B2297B652}.Debug|Any CPU.ActiveCfg = Debug|Any CPU
		{953DC0CB-F3B1-4369-A2B1-AA5B2297B652}.Debug|Any CPU.Build.0 = Debug|Any CPU
		{953DC0CB-F3B1-4369-A2B1-AA5B2297B652}.Release|Any CPU.ActiveCfg = Release|Any CPU
		{953DC0CB-F3B1-4369-A2B1-AA5B2297B652}.Release|Any CPU.Build.0 = Release|Any CPU
		{9D4E3D64-D2FB-4CB8-AE53-E4F4A08C4F7B}.Debug|Any CPU.ActiveCfg = Debug|Any CPU
		{9D4E3D64-D2FB-4CB8-AE53-E4F4A08C4F7B}.Debug|Any CPU.Build.0 = Debug|Any CPU
		{9D4E3D64-D2FB-4CB8-AE53-E4F4A08C4F7B}.Release|Any CPU.ActiveCfg = Release|Any CPU
		{9D4E3D64-D2FB-4CB8-AE53-E4F4A08C4F7B}.Release|Any CPU.Build.0 = Release|Any CPU
		{C554D03E-4FEC-4C3B-A6DC-607798ABCEBA}.Debug|Any CPU.ActiveCfg = Debug|Any CPU
		{C554D03E-4FEC-4C3B-A6DC-607798ABCEBA}.Debug|Any CPU.Build.0 = Debug|Any CPU
		{C554D03E-4FEC-4C3B-A6DC-607798ABCEBA}.Release|Any CPU.ActiveCfg = Release|Any CPU
		{C554D03E-4FEC-4C3B-A6DC-607798ABCEBA}.Release|Any CPU.Build.0 = Release|Any CPU
		{C003E6EF-C36F-4F29-87C4-D47754112C11}.Debug|Any CPU.ActiveCfg = Debug|Any CPU
		{C003E6EF-C36F-4F29-87C4-D47754112C11}.Debug|Any CPU.Build.0 = Debug|Any CPU
		{C003E6EF-C36F-4F29-87C4-D47754112C11}.Release|Any CPU.ActiveCfg = Release|Any CPU
		{C003E6EF-C36F-4F29-87C4-D47754112C11}.Release|Any CPU.Build.0 = Release|Any CPU
		{F2D81437-F72D-4BA4-92A4-F3D4F02C72A7}.Debug|Any CPU.ActiveCfg = Debug|Any CPU
		{F2D81437-F72D-4BA4-92A4-F3D4F02C72A7}.Debug|Any CPU.Build.0 = Debug|Any CPU
		{F2D81437-F72D-4BA4-92A4-F3D4F02C72A7}.Release|Any CPU.ActiveCfg = Release|Any CPU
		{F2D81437-F72D-4BA4-92A4-F3D4F02C72A7}.Release|Any CPU.Build.0 = Release|Any CPU
		{BF78AEC9-6178-4282-AA4E-83E34F51E143}.Debug|Any CPU.ActiveCfg = Debug|Any CPU
		{BF78AEC9-6178-4282-AA4E-83E34F51E143}.Debug|Any CPU.Build.0 = Debug|Any CPU
		{BF78AEC9-6178-4282-AA4E-83E34F51E143}.Release|Any CPU.ActiveCfg = Release|Any CPU
		{BF78AEC9-6178-4282-AA4E-83E34F51E143}.Release|Any CPU.Build.0 = Release|Any CPU
	EndGlobalSection
	GlobalSection(SolutionProperties) = preSolution
		HideSolutionNode = FALSE
	EndGlobalSection
	GlobalSection(NestedProjects) = preSolution
		{7FA77029-BF01-4A1E-80DE-91A63C5684E1} = {6DC5BF4D-4F52-4C5A-9475-71A94088D333}
		{97D2D4A8-7F68-4D6A-8090-199DC73C2B1A} = {6DC5BF4D-4F52-4C5A-9475-71A94088D333}
		{4C26177A-2A6E-44BB-8B75-2692E566F0B3} = {6DC5BF4D-4F52-4C5A-9475-71A94088D333}
		{7B726B90-8AB4-4553-AAE5-20FB622B030A} = {73603290-74A9-4147-A3B5-90C076EC0E20}
		{E4A1F0AE-1C3E-4E0F-8B87-F03BD89344B0} = {2DF17BCB-EB9B-4AAA-8EE2-7EAB4203F3EE}
		{1D0A5E71-4BF2-4263-B151-0260B429A9D3} = {15C0DCEC-449D-460C-AFBF-F39DA1F77C83}
		{953DC0CB-F3B1-4369-A2B1-AA5B2297B652} = {5D7DBE28-A2D7-4942-899D-C17894FE0495}
		{9D4E3D64-D2FB-4CB8-AE53-E4F4A08C4F7B} = {4C26177A-2A6E-44BB-8B75-2692E566F0B3}
		{C554D03E-4FEC-4C3B-A6DC-607798ABCEBA} = {7FA77029-BF01-4A1E-80DE-91A63C5684E1}
		{C003E6EF-C36F-4F29-87C4-D47754112C11} = {97D2D4A8-7F68-4D6A-8090-199DC73C2B1A}
		{F2D81437-F72D-4BA4-92A4-F3D4F02C72A7} = {73D756FE-24FA-4F59-BE76-F2E3C456E74D}
		{BF78AEC9-6178-4282-AA4E-83E34F51E143} = {A91700A4-9A37-41D5-AFB3-F9310AA87A86}
	EndGlobalSection
	GlobalSection(ExtensibilityGlobals) = postSolution
		SolutionGuid = {BE2DA467-972C-4ECA-87BC-68C41AA3107B}
	EndGlobalSection
EndGlobal
